// !$*UTF8*$!
{
	archiveVersion = 1;
	classes = {
	};
	objectVersion = 55;
	objects = {

/* Begin PBXBuildFile section */
		474CCF2B28342FEA00A53FFF /* AppDelegate.swift in Sources */ = {isa = PBXBuildFile; fileRef = 474CCF2A28342FEA00A53FFF /* AppDelegate.swift */; };
		474CCF2D28342FEA00A53FFF /* SceneDelegate.swift in Sources */ = {isa = PBXBuildFile; fileRef = 474CCF2C28342FEA00A53FFF /* SceneDelegate.swift */; };
		474CCF2F28342FEA00A53FFF /* ShoppingViewController.swift in Sources */ = {isa = PBXBuildFile; fileRef = 474CCF2E28342FEA00A53FFF /* ShoppingViewController.swift */; };
		474CCF3228342FEA00A53FFF /* Main.storyboard in Resources */ = {isa = PBXBuildFile; fileRef = 474CCF3028342FEA00A53FFF /* Main.storyboard */; };
		474CCF3428342FED00A53FFF /* Assets.xcassets in Resources */ = {isa = PBXBuildFile; fileRef = 474CCF3328342FED00A53FFF /* Assets.xcassets */; };
		474CCF3728342FED00A53FFF /* LaunchScreen.storyboard in Resources */ = {isa = PBXBuildFile; fileRef = 474CCF3528342FED00A53FFF /* LaunchScreen.storyboard */; };
		47E4940828355CAA007708BE /* SettingsViewController.swift in Sources */ = {isa = PBXBuildFile; fileRef = 47E4940728355CAA007708BE /* SettingsViewController.swift */; };
		47E4940A28355CB0007708BE /* TaxesViewController.swift in Sources */ = {isa = PBXBuildFile; fileRef = 47E4940928355CB0007708BE /* TaxesViewController.swift */; };
		47E4940C28357F5A007708BE /* TaxesCalculator.swift in Sources */ = {isa = PBXBuildFile; fileRef = 47E4940B28357F5A007708BE /* TaxesCalculator.swift */; };
		47E4940E2835811C007708BE /* UIViewController+TaxCalculator.swift in Sources */ = {isa = PBXBuildFile; fileRef = 47E4940D2835811C007708BE /* UIViewController+TaxCalculator.swift */; };
/* End PBXBuildFile section */

/* Begin PBXFileReference section */
		474CCF2728342FEA00A53FFF /* comprasUSA.app */ = {isa = PBXFileReference; explicitFileType = wrapper.application; includeInIndex = 0; path = comprasUSA.app; sourceTree = BUILT_PRODUCTS_DIR; };
		474CCF2A28342FEA00A53FFF /* AppDelegate.swift */ = {isa = PBXFileReference; lastKnownFileType = sourcecode.swift; path = AppDelegate.swift; sourceTree = "<group>"; };
		474CCF2C28342FEA00A53FFF /* SceneDelegate.swift */ = {isa = PBXFileReference; lastKnownFileType = sourcecode.swift; path = SceneDelegate.swift; sourceTree = "<group>"; };
		474CCF2E28342FEA00A53FFF /* ShoppingViewController.swift */ = {isa = PBXFileReference; lastKnownFileType = sourcecode.swift; path = ShoppingViewController.swift; sourceTree = "<group>"; };
		474CCF3128342FEA00A53FFF /* Base */ = {isa = PBXFileReference; lastKnownFileType = file.storyboard; name = Base; path = Base.lproj/Main.storyboard; sourceTree = "<group>"; };
		474CCF3328342FED00A53FFF /* Assets.xcassets */ = {isa = PBXFileReference; lastKnownFileType = folder.assetcatalog; path = Assets.xcassets; sourceTree = "<group>"; };
		474CCF3628342FED00A53FFF /* Base */ = {isa = PBXFileReference; lastKnownFileType = file.storyboard; name = Base; path = Base.lproj/LaunchScreen.storyboard; sourceTree = "<group>"; };
		474CCF3828342FED00A53FFF /* Info.plist */ = {isa = PBXFileReference; lastKnownFileType = text.plist.xml; path = Info.plist; sourceTree = "<group>"; };
		47E4940728355CAA007708BE /* SettingsViewController.swift */ = {isa = PBXFileReference; lastKnownFileType = sourcecode.swift; path = SettingsViewController.swift; sourceTree = "<group>"; };
		47E4940928355CB0007708BE /* TaxesViewController.swift */ = {isa = PBXFileReference; lastKnownFileType = sourcecode.swift; path = TaxesViewController.swift; sourceTree = "<group>"; };
		47E4940B28357F5A007708BE /* TaxesCalculator.swift */ = {isa = PBXFileReference; lastKnownFileType = sourcecode.swift; path = TaxesCalculator.swift; sourceTree = "<group>"; };
		47E4940D2835811C007708BE /* UIViewController+TaxCalculator.swift */ = {isa = PBXFileReference; lastKnownFileType = sourcecode.swift; path = "UIViewController+TaxCalculator.swift"; sourceTree = "<group>"; };
/* End PBXFileReference section */

/* Begin PBXFrameworksBuildPhase section */
		474CCF2428342FEA00A53FFF /* Frameworks */ = {
			isa = PBXFrameworksBuildPhase;
			buildActionMask = 2147483647;
			files = (
			);
			runOnlyForDeploymentPostprocessing = 0;
		};
/* End PBXFrameworksBuildPhase section */

/* Begin PBXGroup section */
		474CCF1E28342FEA00A53FFF = {
			isa = PBXGroup;
			children = (
				474CCF2928342FEA00A53FFF /* comprasUSA */,
				474CCF2828342FEA00A53FFF /* Products */,
			);
			sourceTree = "<group>";
		};
		474CCF2828342FEA00A53FFF /* Products */ = {
			isa = PBXGroup;
			children = (
				474CCF2728342FEA00A53FFF /* comprasUSA.app */,
			);
			name = Products;
			sourceTree = "<group>";
		};
		474CCF2928342FEA00A53FFF /* comprasUSA */ = {
			isa = PBXGroup;
			children = (
				474CCF2A28342FEA00A53FFF /* AppDelegate.swift */,
				474CCF2C28342FEA00A53FFF /* SceneDelegate.swift */,
				474CCF2E28342FEA00A53FFF /* ShoppingViewController.swift */,
				47E4940D2835811C007708BE /* UIViewController+TaxCalculator.swift */,
				47E4940728355CAA007708BE /* SettingsViewController.swift */,
				47E4940928355CB0007708BE /* TaxesViewController.swift */,
				474CCF3028342FEA00A53FFF /* Main.storyboard */,
				474CCF3328342FED00A53FFF /* Assets.xcassets */,
				474CCF3528342FED00A53FFF /* LaunchScreen.storyboard */,
				474CCF3828342FED00A53FFF /* Info.plist */,
				47E4940B28357F5A007708BE /* TaxesCalculator.swift */,
			);
			path = comprasUSA;
			sourceTree = "<group>";
		};
/* End PBXGroup section */

/* Begin PBXNativeTarget section */
		474CCF2628342FEA00A53FFF /* comprasUSA */ = {
			isa = PBXNativeTarget;
			buildConfigurationList = 474CCF3B28342FED00A53FFF /* Build configuration list for PBXNativeTarget "comprasUSA" */;
			buildPhases = (
				474CCF2328342FEA00A53FFF /* Sources */,
				474CCF2428342FEA00A53FFF /* Frameworks */,
				474CCF2528342FEA00A53FFF /* Resources */,
			);
			buildRules = (
			);
			dependencies = (
			);
			name = comprasUSA;
			productName = comprasUSA;
			productReference = 474CCF2728342FEA00A53FFF /* comprasUSA.app */;
			productType = "com.apple.product-type.application";
		};
/* End PBXNativeTarget section */

/* Begin PBXProject section */
		474CCF1F28342FEA00A53FFF /* Project object */ = {
			isa = PBXProject;
			attributes = {
				BuildIndependentTargetsInParallel = 1;
				LastSwiftUpdateCheck = 1340;
				LastUpgradeCheck = 1340;
				TargetAttributes = {
					474CCF2628342FEA00A53FFF = {
						CreatedOnToolsVersion = 13.4;
					};
				};
			};
			buildConfigurationList = 474CCF2228342FEA00A53FFF /* Build configuration list for PBXProject "comprasUSA" */;
			compatibilityVersion = "Xcode 13.0";
			developmentRegion = en;
			hasScannedForEncodings = 0;
			knownRegions = (
				en,
				Base,
			);
			mainGroup = 474CCF1E28342FEA00A53FFF;
			productRefGroup = 474CCF2828342FEA00A53FFF /* Products */;
			projectDirPath = "";
			projectRoot = "";
			targets = (
				474CCF2628342FEA00A53FFF /* comprasUSA */,
			);
		};
/* End PBXProject section */

/* Begin PBXResourcesBuildPhase section */
		474CCF2528342FEA00A53FFF /* Resources */ = {
			isa = PBXResourcesBuildPhase;
			buildActionMask = 2147483647;
			files = (
				474CCF3728342FED00A53FFF /* LaunchScreen.storyboard in Resources */,
				474CCF3428342FED00A53FFF /* Assets.xcassets in Resources */,
				474CCF3228342FEA00A53FFF /* Main.storyboard in Resources */,
			);
			runOnlyForDeploymentPostprocessing = 0;
		};
/* End PBXResourcesBuildPhase section */

/* Begin PBXSourcesBuildPhase section */
		474CCF2328342FEA00A53FFF /* Sources */ = {
			isa = PBXSourcesBuildPhase;
			buildActionMask = 2147483647;
			files = (
				474CCF2F28342FEA00A53FFF /* ShoppingViewController.swift in Sources */,
				474CCF2B28342FEA00A53FFF /* AppDelegate.swift in Sources */,
				47E4940A28355CB0007708BE /* TaxesViewController.swift in Sources */,
				47E4940C28357F5A007708BE /* TaxesCalculator.swift in Sources */,
				47E4940E2835811C007708BE /* UIViewController+TaxCalculator.swift in Sources */,
				474CCF2D28342FEA00A53FFF /* SceneDelegate.swift in Sources */,
				47E4940828355CAA007708BE /* SettingsViewController.swift in Sources */,
			);
			runOnlyForDeploymentPostprocessing = 0;
		};
/* End PBXSourcesBuildPhase section */

/* Begin PBXVariantGroup section */
		474CCF3028342FEA00A53FFF /* Main.storyboard */ = {
			isa = PBXVariantGroup;
			children = (
				474CCF3128342FEA00A53FFF /* Base */,
			);
			name = Main.storyboard;
			sourceTree = "<group>";
		};
		474CCF3528342FED00A53FFF /* LaunchScreen.storyboard */ = {
			isa = PBXVariantGroup;
			children = (
				474CCF3628342FED00A53FFF /* Base */,
			);
			name = LaunchScreen.storyboard;
			sourceTree = "<group>";
		};
/* End PBXVariantGroup section */

/* Begin XCBuildConfiguration section */
		474CCF3928342FED00A53FFF /* Debug */ = {
			isa = XCBuildConfiguration;
			buildSettings = {
				ALWAYS_SEARCH_USER_PATHS = NO;
				CLANG_ANALYZER_NONNULL = YES;
				CLANG_ANALYZER_NUMBER_OBJECT_CONVERSION = YES_AGGRESSIVE;
				CLANG_CXX_LANGUAGE_STANDARD = "gnu++17";
				CLANG_ENABLE_MODULES = YES;
				CLANG_ENABLE_OBJC_ARC = YES;
				CLANG_ENABLE_OBJC_WEAK = YES;
				CLANG_WARN_BLOCK_CAPTURE_AUTORELEASING = YES;
				CLANG_WARN_BOOL_CONVERSION = YES;
				CLANG_WARN_COMMA = YES;
				CLANG_WARN_CONSTANT_CONVERSION = YES;
				CLANG_WARN_DEPRECATED_OBJC_IMPLEMENTATIONS = YES;
				CLANG_WARN_DIRECT_OBJC_ISA_USAGE = YES_ERROR;
				CLANG_WARN_DOCUMENTATION_COMMENTS = YES;
				CLANG_WARN_EMPTY_BODY = YES;
				CLANG_WARN_ENUM_CONVERSION = YES;
				CLANG_WARN_INFINITE_RECURSION = YES;
				CLANG_WARN_INT_CONVERSION = YES;
				CLANG_WARN_NON_LITERAL_NULL_CONVERSION = YES;
				CLANG_WARN_OBJC_IMPLICIT_RETAIN_SELF = YES;
				CLANG_WARN_OBJC_LITERAL_CONVERSION = YES;
				CLANG_WARN_OBJC_ROOT_CLASS = YES_ERROR;
				CLANG_WARN_QUOTED_INCLUDE_IN_FRAMEWORK_HEADER = YES;
				CLANG_WARN_RANGE_LOOP_ANALYSIS = YES;
				CLANG_WARN_STRICT_PROTOTYPES = YES;
				CLANG_WARN_SUSPICIOUS_MOVE = YES;
				CLANG_WARN_UNGUARDED_AVAILABILITY = YES_AGGRESSIVE;
				CLANG_WARN_UNREACHABLE_CODE = YES;
				CLANG_WARN__DUPLICATE_METHOD_MATCH = YES;
				COPY_PHASE_STRIP = NO;
				DEBUG_INFORMATION_FORMAT = dwarf;
				ENABLE_STRICT_OBJC_MSGSEND = YES;
				ENABLE_TESTABILITY = YES;
				GCC_C_LANGUAGE_STANDARD = gnu11;
				GCC_DYNAMIC_NO_PIC = NO;
				GCC_NO_COMMON_BLOCKS = YES;
				GCC_OPTIMIZATION_LEVEL = 0;
				GCC_PREPROCESSOR_DEFINITIONS = (
					"DEBUG=1",
					"$(inherited)",
				);
				GCC_WARN_64_TO_32_BIT_CONVERSION = YES;
				GCC_WARN_ABOUT_RETURN_TYPE = YES_ERROR;
				GCC_WARN_UNDECLARED_SELECTOR = YES;
				GCC_WARN_UNINITIALIZED_AUTOS = YES_AGGRESSIVE;
				GCC_WARN_UNUSED_FUNCTION = YES;
				GCC_WARN_UNUSED_VARIABLE = YES;
				IPHONEOS_DEPLOYMENT_TARGET = 15.5;
				MTL_ENABLE_DEBUG_INFO = INCLUDE_SOURCE;
				MTL_FAST_MATH = YES;
				ONLY_ACTIVE_ARCH = YES;
				SDKROOT = iphoneos;
				SWIFT_ACTIVE_COMPILATION_CONDITIONS = DEBUG;
				SWIFT_OPTIMIZATION_LEVEL = "-Onone";
			};
			name = Debug;
		};
		474CCF3A28342FED00A53FFF /* Release */ = {
			isa = XCBuildConfiguration;
			buildSettings = {
				ALWAYS_SEARCH_USER_PATHS = NO;
				CLANG_ANALYZER_NONNULL = YES;
				CLANG_ANALYZER_NUMBER_OBJECT_CONVERSION = YES_AGGRESSIVE;
				CLANG_CXX_LANGUAGE_STANDARD = "gnu++17";
				CLANG_ENABLE_MODULES = YES;
				CLANG_ENABLE_OBJC_ARC = YES;
				CLANG_ENABLE_OBJC_WEAK = YES;
				CLANG_WARN_BLOCK_CAPTURE_AUTORELEASING = YES;
				CLANG_WARN_BOOL_CONVERSION = YES;
				CLANG_WARN_COMMA = YES;
				CLANG_WARN_CONSTANT_CONVERSION = YES;
				CLANG_WARN_DEPRECATED_OBJC_IMPLEMENTATIONS = YES;
				CLANG_WARN_DIRECT_OBJC_ISA_USAGE = YES_ERROR;
				CLANG_WARN_DOCUMENTATION_COMMENTS = YES;
				CLANG_WARN_EMPTY_BODY = YES;
				CLANG_WARN_ENUM_CONVERSION = YES;
				CLANG_WARN_INFINITE_RECURSION = YES;
				CLANG_WARN_INT_CONVERSION = YES;
				CLANG_WARN_NON_LITERAL_NULL_CONVERSION = YES;
				CLANG_WARN_OBJC_IMPLICIT_RETAIN_SELF = YES;
				CLANG_WARN_OBJC_LITERAL_CONVERSION = YES;
				CLANG_WARN_OBJC_ROOT_CLASS = YES_ERROR;
				CLANG_WARN_QUOTED_INCLUDE_IN_FRAMEWORK_HEADER = YES;
				CLANG_WARN_RANGE_LOOP_ANALYSIS = YES;
				CLANG_WARN_STRICT_PROTOTYPES = YES;
				CLANG_WARN_SUSPICIOUS_MOVE = YES;
				CLANG_WARN_UNGUARDED_AVAILABILITY = YES_AGGRESSIVE;
				CLANG_WARN_UNREACHABLE_CODE = YES;
				CLANG_WARN__DUPLICATE_METHOD_MATCH = YES;
				COPY_PHASE_STRIP = NO;
				DEBUG_INFORMATION_FORMAT = "dwarf-with-dsym";
				ENABLE_NS_ASSERTIONS = NO;
				ENABLE_STRICT_OBJC_MSGSEND = YES;
				GCC_C_LANGUAGE_STANDARD = gnu11;
				GCC_NO_COMMON_BLOCKS = YES;
				GCC_WARN_64_TO_32_BIT_CONVERSION = YES;
				GCC_WARN_ABOUT_RETURN_TYPE = YES_ERROR;
				GCC_WARN_UNDECLARED_SELECTOR = YES;
				GCC_WARN_UNINITIALIZED_AUTOS = YES_AGGRESSIVE;
				GCC_WARN_UNUSED_FUNCTION = YES;
				GCC_WARN_UNUSED_VARIABLE = YES;
				IPHONEOS_DEPLOYMENT_TARGET = 15.5;
				MTL_ENABLE_DEBUG_INFO = NO;
				MTL_FAST_MATH = YES;
				SDKROOT = iphoneos;
				SWIFT_COMPILATION_MODE = wholemodule;
				SWIFT_OPTIMIZATION_LEVEL = "-O";
				VALIDATE_PRODUCT = YES;
			};
			name = Release;
		};
		474CCF3C28342FED00A53FFF /* Debug */ = {
			isa = XCBuildConfiguration;
			buildSettings = {
				ASSETCATALOG_COMPILER_APPICON_NAME = AppIcon;
				ASSETCATALOG_COMPILER_GLOBAL_ACCENT_COLOR_NAME = AccentColor;
				CODE_SIGN_STYLE = Automatic;
				CURRENT_PROJECT_VERSION = 1;
				DEVELOPMENT_TEAM = A3872X2P8J;
				GENERATE_INFOPLIST_FILE = YES;
				INFOPLIST_FILE = comprasUSA/Info.plist;
				INFOPLIST_KEY_UIApplicationSupportsIndirectInputEvents = YES;
				INFOPLIST_KEY_UILaunchStoryboardName = LaunchScreen;
				INFOPLIST_KEY_UIMainStoryboardFile = Main;
				INFOPLIST_KEY_UISupportedInterfaceOrientations_iPad = "UIInterfaceOrientationPortrait UIInterfaceOrientationPortraitUpsideDown UIInterfaceOrientationLandscapeLeft UIInterfaceOrientationLandscapeRight";
				INFOPLIST_KEY_UISupportedInterfaceOrientations_iPhone = "UIInterfaceOrientationPortrait UIInterfaceOrientationLandscapeLeft UIInterfaceOrientationLandscapeRight";
				LD_RUNPATH_SEARCH_PATHS = (
					"$(inherited)",
					"@executable_path/Frameworks",
				);
				MARKETING_VERSION = 1.0;
				PRODUCT_BUNDLE_IDENTIFIER = br.com.comprasUSA;
				PRODUCT_NAME = "$(TARGET_NAME)";
				SWIFT_EMIT_LOC_STRINGS = YES;
				SWIFT_VERSION = 5.0;
				TARGETED_DEVICE_FAMILY = 1;
			};
			name = Debug;
		};
		474CCF3D28342FED00A53FFF /* Release */ = {
			isa = XCBuildConfiguration;
			buildSettings = {
				ASSETCATALOG_COMPILER_APPICON_NAME = AppIcon;
				ASSETCATALOG_COMPILER_GLOBAL_ACCENT_COLOR_NAME = AccentColor;
				CODE_SIGN_STYLE = Automatic;
				CURRENT_PROJECT_VERSION = 1;
				DEVELOPMENT_TEAM = A3872X2P8J;
				GENERATE_INFOPLIST_FILE = YES;
				INFOPLIST_FILE = comprasUSA/Info.plist;
				INFOPLIST_KEY_UIApplicationSupportsIndirectInputEvents = YES;
				INFOPLIST_KEY_UILaunchStoryboardName = LaunchScreen;
				INFOPLIST_KEY_UIMainStoryboardFile = Main;
				INFOPLIST_KEY_UISupportedInterfaceOrientations_iPad = "UIInterfaceOrientationPortrait UIInterfaceOrientationPortraitUpsideDown UIInterfaceOrientationLandscapeLeft UIInterfaceOrientationLandscapeRight";
				INFOPLIST_KEY_UISupportedInterfaceOrientations_iPhone = "UIInterfaceOrientationPortrait UIInterfaceOrientationLandscapeLeft UIInterfaceOrientationLandscapeRight";
				LD_RUNPATH_SEARCH_PATHS = (
					"$(inherited)",
					"@executable_path/Frameworks",
				);
				MARKETING_VERSION = 1.0;
				PRODUCT_BUNDLE_IDENTIFIER = br.com.comprasUSA;
				PRODUCT_NAME = "$(TARGET_NAME)";
				SWIFT_EMIT_LOC_STRINGS = YES;
				SWIFT_VERSION = 5.0;
				TARGETED_DEVICE_FAMILY = 1;
			};
			name = Release;
		};
/* End XCBuildConfiguration section */

/* Begin XCConfigurationList section */
		474CCF2228342FEA00A53FFF /* Build configuration list for PBXProject "comprasUSA" */ = {
			isa = XCConfigurationList;
			buildConfigurations = (
				474CCF3928342FED00A53FFF /* Debug */,
				474CCF3A28342FED00A53FFF /* Release */,
			);
			defaultConfigurationIsVisible = 0;
			defaultConfigurationName = Release;
		};
		474CCF3B28342FED00A53FFF /* Build configuration list for PBXNativeTarget "comprasUSA" */ = {
			isa = XCConfigurationList;
			buildConfigurations = (
				474CCF3C28342FED00A53FFF /* Debug */,
				474CCF3D28342FED00A53FFF /* Release */,
			);
			defaultConfigurationIsVisible = 0;
			defaultConfigurationName = Release;
		};
/* End XCConfigurationList section */
	};
	rootObject = 474CCF1F28342FEA00A53FFF /* Project object */;
}
